
Microsoft Visual Studio Solution File, Format Version 12.00
# Visual Studio Version 16
VisualStudioVersion = 16.0.30717.126
MinimumVisualStudioVersion = 10.0.40219.1
Project("{9A19103F-16F7-4668-BE54-9A1E7A4F7556}") = "FontResolver", "FontResolver\FontResolver.csproj", "{41EECE91-A4F5-4798-8911-3C4ECAD89337}"
EndProject
Global
	GlobalSection(SolutionConfigurationPlatforms) = preSolution
		Debug|AnyCPU = Debug|AnyCPU
		Release|AnyCPU = Release|AnyCPU
	EndGlobalSection
	GlobalSection(ProjectConfigurationPlatforms) = postSolution
		{41EECE91-A4F5-4798-8911-3C4ECAD89337}.Debug|AnyCPU.ActiveCfg = Debug|Any CPU
		{41EECE91-A4F5-4798-8911-3C4ECAD89337}.Debug|AnyCPU.Build.0 = Debug|Any CPU
		{41EECE91-A4F5-4798-8911-3C4ECAD89337}.Release|AnyCPU.ActiveCfg = Release|Any CPU
		{41EECE91-A4F5-4798-8911-3C4ECAD89337}.Release|AnyCPU.Build.0 = Release|Any CPU
	EndGlobalSection
	GlobalSection(SolutionProperties) = preSolution
		HideSolutionNode = FALSE
	EndGlobalSection
	GlobalSection(ExtensibilityGlobals) = postSolution
		SolutionGuid = {AFC77269-2515-4855-9134-3156D6153C4D}
	EndGlobalSection
EndGlobal
