
Microsoft Visual Studio Solution File, Format Version 12.00
# Visual Studio 2012

Project("{FAE04EC0-301F-11D3-BF4B-00C04F79EFBC}") = "CrossSectionControls", "CrossSectionControls\CrossSectionControls.csproj", "{61DC72E1-9BD6-4613-BA4E-2905E7D91B35}"
EndProject
Global
	GlobalSection(SolutionConfigurationPlatforms) = preSolution
		Debug|AnyCPU = Debug|AnyCPU
		Release|AnyCPU = Release|AnyCPU
	EndGlobalSection
	GlobalSection(ProjectConfigurationPlatforms) = postSolution
		{61DC72E1-9BD6-4613-BA4E-2905E7D91B35}.Debug|AnyCPU.ActiveCfg = Debug|AnyCPU
		{61DC72E1-9BD6-4613-BA4E-2905E7D91B35}.Debug|AnyCPU.Build.0 = Debug|AnyCPU
		{61DC72E1-9BD6-4613-BA4E-2905E7D91B35}.Release|AnyCPU.ActiveCfg = Release|AnyCPU
		{61DC72E1-9BD6-4613-BA4E-2905E7D91B35}.Release|AnyCPU.Build.0 = Release|AnyCPU
	EndGlobalSection
	GlobalSection(SolutionProperties) = preSolution
		HideSolutionNode = FALSE
	EndGlobalSection
EndGlobal
