
Microsoft Visual Studio Solution File, Format Version 12.00
Project("{FAE04EC0-301F-11D3-BF4B-00C04F79EFBC}") = "CustomPreview", "CustomPreview\CustomPreview.csproj", "{66CC7915-1243-40B0-B42D-79F191C6AB96}"
EndProject
Global
	GlobalSection(SolutionConfigurationPlatforms) = preSolution
		Debug|Any CPU = Debug|Any CPU
		Release|Any CPU = Release|Any CPU
	EndGlobalSection
	GlobalSection(ProjectConfigurationPlatforms) = postSolution
		{66CC7915-1243-40B0-B42D-79F191C6AB96}.Debug|Any CPU.ActiveCfg = Debug|Any CPU
		{66CC7915-1243-40B0-B42D-79F191C6AB96}.Debug|Any CPU.Build.0 = Debug|Any CPU
		{66CC7915-1243-40B0-B42D-79F191C6AB96}.Release|Any CPU.ActiveCfg = Release|Any CPU
		{66CC7915-1243-40B0-B42D-79F191C6AB96}.Release|Any CPU.Build.0 = Release|Any CPU
	EndGlobalSection
EndGlobal
