
Microsoft Visual Studio Solution File, Format Version 12.00
# Visual Studio 2012

Project("{F184B08F-C81C-45F6-A57F-5ABD9991F28F}") = "StyleSheets", "Stylesheets\StyleSheets.vbproj", "{85D6D806-1FCE-4756-BAA5-1DE9814A6F47}"
EndProject
Global
	GlobalSection(SolutionConfigurationPlatforms) = preSolution
		Debug|AnyCPU = Debug|AnyCPU
		Release|AnyCPU = Release|AnyCPU
	EndGlobalSection
	GlobalSection(ProjectConfigurationPlatforms) = postSolution
		{85D6D806-1FCE-4756-BAA5-1DE9814A6F47}.Debug|AnyCPU.ActiveCfg = Debug|AnyCPU
		{85D6D806-1FCE-4756-BAA5-1DE9814A6F47}.Debug|AnyCPU.Build.0 = Debug|AnyCPU
		{85D6D806-1FCE-4756-BAA5-1DE9814A6F47}.Release|AnyCPU.ActiveCfg = Release|AnyCPU
		{85D6D806-1FCE-4756-BAA5-1DE9814A6F47}.Release|AnyCPU.Build.0 = Release|AnyCPU
	EndGlobalSection
	GlobalSection(SolutionProperties) = preSolution
		HideSolutionNode = FALSE
	EndGlobalSection
EndGlobal
