
Microsoft Visual Studio Solution File, Format Version 12.00
# Visual Studio 2012

Project("{FAE04EC0-301F-11D3-BF4B-00C04F79EFBC}") = "XML", "XML\XML.csproj", "{9E6FA23A-84C2-45EF-A92F-D2CDA31D86FB}"
EndProject
Global
	GlobalSection(SolutionConfigurationPlatforms) = preSolution
		Debug|AnyCPU = Debug|AnyCPU
		Release|AnyCPU = Release|AnyCPU
	EndGlobalSection
	GlobalSection(ProjectConfigurationPlatforms) = postSolution
		{9E6FA23A-84C2-45EF-A92F-D2CDA31D86FB}.Debug|AnyCPU.ActiveCfg = Debug|AnyCPU
		{9E6FA23A-84C2-45EF-A92F-D2CDA31D86FB}.Debug|AnyCPU.Build.0 = Debug|AnyCPU
		{9E6FA23A-84C2-45EF-A92F-D2CDA31D86FB}.Release|AnyCPU.ActiveCfg = Release|AnyCPU
		{9E6FA23A-84C2-45EF-A92F-D2CDA31D86FB}.Release|AnyCPU.Build.0 = Release|AnyCPU
	EndGlobalSection
	GlobalSection(SolutionProperties) = preSolution
		HideSolutionNode = FALSE
	EndGlobalSection
EndGlobal
