
Microsoft Visual Studio Solution File, Format Version 12.00
# Visual Studio 2012

Project("{FAE04EC0-301F-11D3-BF4B-00C04F79EFBC}") = "Charting", "Charting\Charting.csproj", "{5EB8C89D-8723-44EE-8491-FF11678EA6E2}"
EndProject
Global
	GlobalSection(SolutionConfigurationPlatforms) = preSolution
		Debug|AnyCPU = Debug|AnyCPU
		Release|AnyCPU = Release|AnyCPU
	EndGlobalSection
	GlobalSection(ProjectConfigurationPlatforms) = postSolution
		{5EB8C89D-8723-44EE-8491-FF11678EA6E2}.Debug|AnyCPU.ActiveCfg = Debug|AnyCPU
		{5EB8C89D-8723-44EE-8491-FF11678EA6E2}.Debug|AnyCPU.Build.0 = Debug|AnyCPU
		{5EB8C89D-8723-44EE-8491-FF11678EA6E2}.Release|AnyCPU.ActiveCfg = Release|AnyCPU
		{5EB8C89D-8723-44EE-8491-FF11678EA6E2}.Release|AnyCPU.Build.0 = Release|AnyCPU
	EndGlobalSection
	GlobalSection(SolutionProperties) = preSolution
		HideSolutionNode = FALSE
	EndGlobalSection
EndGlobal
