
Microsoft Visual Studio Solution File, Format Version 12.00
# Visual Studio 2012

Project("{FAE04EC0-301F-11D3-BF4B-00C04F79EFBC}") = "Inheritance", "Inheritance\Inheritance.csproj", "{FE19B20C-270D-4846-AF16-FAB569B47AEE}"
EndProject
Global
	GlobalSection(SolutionConfigurationPlatforms) = preSolution
		Debug|AnyCPU = Debug|AnyCPU
		Release|AnyCPU = Release|AnyCPU
	EndGlobalSection
	GlobalSection(ProjectConfigurationPlatforms) = postSolution
		{FE19B20C-270D-4846-AF16-FAB569B47AEE}.Debug|AnyCPU.ActiveCfg = Debug|AnyCPU
		{FE19B20C-270D-4846-AF16-FAB569B47AEE}.Debug|AnyCPU.Build.0 = Debug|AnyCPU
		{FE19B20C-270D-4846-AF16-FAB569B47AEE}.Release|AnyCPU.ActiveCfg = Release|AnyCPU
		{FE19B20C-270D-4846-AF16-FAB569B47AEE}.Release|AnyCPU.Build.0 = Release|AnyCPU
	EndGlobalSection
	GlobalSection(SolutionProperties) = preSolution
		HideSolutionNode = FALSE
	EndGlobalSection
EndGlobal
