
Microsoft Visual Studio Solution File, Format Version 12.00
# Visual Studio 2012
VisualStudioVersion = 12.0.21005.1
MinimumVisualStudioVersion = 10.0.40219.1
Project("{FAE04EC0-301F-11D3-BF4B-00C04F79EFBC}") = "CustomAnnotation", "CustomAnnotation\CustomAnnotation.csproj", "{37C86CBD-76A6-4ACB-9310-540AC1194552}"
EndProject
Global
	GlobalSection(SolutionConfigurationPlatforms) = preSolution
		Debug|AnyCPU = Debug|AnyCPU
		Release|AnyCPU = Release|AnyCPU
	EndGlobalSection
	GlobalSection(ProjectConfigurationPlatforms) = postSolution
		{37C86CBD-76A6-4ACB-9310-540AC1194552}.Debug|AnyCPU.ActiveCfg = Debug|AnyCPU
		{37C86CBD-76A6-4ACB-9310-540AC1194552}.Debug|AnyCPU.Build.0 = Debug|AnyCPU
		{37C86CBD-76A6-4ACB-9310-540AC1194552}.Release|AnyCPU.ActiveCfg = Release|AnyCPU
		{37C86CBD-76A6-4ACB-9310-540AC1194552}.Release|AnyCPU.Build.0 = Release|AnyCPU
	EndGlobalSection
	GlobalSection(SolutionProperties) = preSolution
		HideSolutionNode = FALSE
	EndGlobalSection
EndGlobal
