
Microsoft Visual Studio Solution File, Format Version 12.00
# Visual Studio 2012
Project("{F184B08F-C81C-45F6-A57F-5ABD9991F28F}") = "ObjectDataSource", "ObjectDataSource\ObjectDataSource.vbproj", "{3725559B-7CC6-4748-A6E0-184B99CCC071}"
EndProject
Global
	GlobalSection(SolutionConfigurationPlatforms) = preSolution
		Debug|AnyCPU = Debug|AnyCPU
		Release|AnyCPU = Release|AnyCPU
	EndGlobalSection
	GlobalSection(ProjectConfigurationPlatforms) = postSolution
		{3725559B-7CC6-4748-A6E0-184B99CCC071}.Debug|AnyCPU.ActiveCfg = Debug|AnyCPU
		{3725559B-7CC6-4748-A6E0-184B99CCC071}.Debug|AnyCPU.Build.0 = Debug|AnyCPU
		{3725559B-7CC6-4748-A6E0-184B99CCC071}.Release|AnyCPU.ActiveCfg = Release|AnyCPU
		{3725559B-7CC6-4748-A6E0-184B99CCC071}.Release|AnyCPU.Build.0 = Release|AnyCPU
	EndGlobalSection
	GlobalSection(SolutionProperties) = preSolution
		HideSolutionNode = FALSE
	EndGlobalSection
EndGlobal
